// !$*UTF8*$!
{
	archiveVersion = 1;
	classes = {
	};
	objectVersion = 50;
	objects = {

/* Begin PBXBuildFile section */
		55D5557924ADC31B00ED98B7 /* 프밍 Ch_06.c in Sources */ = {isa = PBXBuildFile; fileRef = 55D5557824ADC31B00ED98B7 /* 프밍 Ch_06.c */; };
/* End PBXBuildFile section */

/* Begin PBXCopyFilesBuildPhase section */
		55EFC93F246930C9009F3596 /* CopyFiles */ = {
			isa = PBXCopyFilesBuildPhase;
			buildActionMask = 2147483647;
			dstPath = /usr/share/man/man1/;
			dstSubfolderSpec = 0;
			files = (
			);
			runOnlyForDeploymentPostprocessing = 1;
		};
/* End PBXCopyFilesBuildPhase section */

/* Begin PBXFileReference section */
		55D18F8324AD676900D95E56 /* DFS.cpp */ = {isa = PBXFileReference; lastKnownFileType = sourcecode.cpp.cpp; path = DFS.cpp; sourceTree = "<group>"; };
		55D18F8724AD703900D95E56 /* newDFS.cpp */ = {isa = PBXFileReference; lastKnownFileType = sourcecode.cpp.cpp; path = newDFS.cpp; sourceTree = "<group>"; };
		55D5557024AD7DA500ED98B7 /* 프입Ch_02.c */ = {isa = PBXFileReference; fileEncoding = 4; lastKnownFileType = sourcecode.c.c; path = "프입Ch_02.c"; sourceTree = "<group>"; };
		55D5557224AD8FDF00ED98B7 /* 프밍Ch_03.c */ = {isa = PBXFileReference; lastKnownFileType = sourcecode.c.c; path = "프밍Ch_03.c"; sourceTree = "<group>"; };
		55D5557424ADA7EF00ED98B7 /* 프밍Ch_04.c */ = {isa = PBXFileReference; lastKnownFileType = sourcecode.c.c; path = "프밍Ch_04.c"; sourceTree = "<group>"; };
		55D5557624ADB05B00ED98B7 /* 프밍Ch_05.c */ = {isa = PBXFileReference; lastKnownFileType = sourcecode.c.c; path = "프밍Ch_05.c"; sourceTree = "<group>"; };
		55D5557824ADC31B00ED98B7 /* 프밍 Ch_06.c */ = {isa = PBXFileReference; lastKnownFileType = sourcecode.c.c; path = "프밍 Ch_06.c"; sourceTree = "<group>"; };
		55EFC941246930C9009F3596 /* StudyAlgo */ = {isa = PBXFileReference; explicitFileType = "compiled.mach-o.executable"; includeInIndex = 0; path = StudyAlgo; sourceTree = BUILT_PRODUCTS_DIR; };
		55EFC944246930C9009F3596 /* main.cpp */ = {isa = PBXFileReference; lastKnownFileType = sourcecode.cpp.cpp; path = main.cpp; sourceTree = "<group>"; };
/* End PBXFileReference section */

/* Begin PBXFrameworksBuildPhase section */
		55EFC93E246930C9009F3596 /* Frameworks */ = {
			isa = PBXFrameworksBuildPhase;
			buildActionMask = 2147483647;
			files = (
			);
			runOnlyForDeploymentPostprocessing = 0;
		};
/* End PBXFrameworksBuildPhase section */

/* Begin PBXGroup section */
		55EFC938246930C9009F3596 = {
			isa = PBXGroup;
			children = (
				55EFC943246930C9009F3596 /* StudyAlgo */,
				55EFC942246930C9009F3596 /* Products */,
			);
			sourceTree = "<group>";
		};
		55EFC942246930C9009F3596 /* Products */ = {
			isa = PBXGroup;
			children = (
				55EFC941246930C9009F3596 /* StudyAlgo */,
			);
			name = Products;
			sourceTree = "<group>";
		};
		55EFC943246930C9009F3596 /* StudyAlgo */ = {
			isa = PBXGroup;
			children = (
				55D5557024AD7DA500ED98B7 /* 프입Ch_02.c */,
				55EFC944246930C9009F3596 /* main.cpp */,
				55D18F8324AD676900D95E56 /* DFS.cpp */,
				55D18F8724AD703900D95E56 /* newDFS.cpp */,
				55D5557224AD8FDF00ED98B7 /* 프밍Ch_03.c */,
				55D5557424ADA7EF00ED98B7 /* 프밍Ch_04.c */,
				55D5557624ADB05B00ED98B7 /* 프밍Ch_05.c */,
				55D5557824ADC31B00ED98B7 /* 프밍 Ch_06.c */,
			);
			path = StudyAlgo;
			sourceTree = "<group>";
		};
/* End PBXGroup section */

/* Begin PBXNativeTarget section */
		55EFC940246930C9009F3596 /* StudyAlgo */ = {
			isa = PBXNativeTarget;
			buildConfigurationList = 55EFC948246930C9009F3596 /* Build configuration list for PBXNativeTarget "StudyAlgo" */;
			buildPhases = (
				55EFC93D246930C9009F3596 /* Sources */,
				55EFC93E246930C9009F3596 /* Frameworks */,
				55EFC93F246930C9009F3596 /* CopyFiles */,
			);
			buildRules = (
			);
			dependencies = (
			);
			name = StudyAlgo;
			productName = StudyAlgo;
			productReference = 55EFC941246930C9009F3596 /* StudyAlgo */;
			productType = "com.apple.product-type.tool";
		};
/* End PBXNativeTarget section */

/* Begin PBXProject section */
		55EFC939246930C9009F3596 /* Project object */ = {
			isa = PBXProject;
			attributes = {
				LastUpgradeCheck = 1130;
				ORGANIZATIONNAME = jun;
				TargetAttributes = {
					55EFC940246930C9009F3596 = {
						CreatedOnToolsVersion = 11.3.1;
					};
				};
			};
			buildConfigurationList = 55EFC93C246930C9009F3596 /* Build configuration list for PBXProject "StudyAlgo" */;
			compatibilityVersion = "Xcode 9.3";
			developmentRegion = en;
			hasScannedForEncodings = 0;
			knownRegions = (
				en,
				Base,
			);
			mainGroup = 55EFC938246930C9009F3596;
			productRefGroup = 55EFC942246930C9009F3596 /* Products */;
			projectDirPath = "";
			projectRoot = "";
			targets = (
				55EFC940246930C9009F3596 /* StudyAlgo */,
			);
		};
/* End PBXProject section */

/* Begin PBXSourcesBuildPhase section */
		55EFC93D246930C9009F3596 /* Sources */ = {
			isa = PBXSourcesBuildPhase;
			buildActionMask = 2147483647;
			files = (
				55D5557924ADC31B00ED98B7 /* 프밍 Ch_06.c in Sources */,
			);
			runOnlyForDeploymentPostprocessing = 0;
		};
/* End PBXSourcesBuildPhase section */

/* Begin XCBuildConfiguration section */
		55EFC946246930C9009F3596 /* Debug */ = {
			isa = XCBuildConfiguration;
			buildSettings = {
				ALWAYS_SEARCH_USER_PATHS = NO;
				CLANG_ANALYZER_NONNULL = YES;
				CLANG_ANALYZER_NUMBER_OBJECT_CONVERSION = YES_AGGRESSIVE;
				CLANG_CXX_LANGUAGE_STANDARD = "gnu++14";
				CLANG_CXX_LIBRARY = "libc++";
				CLANG_ENABLE_MODULES = YES;
				CLANG_ENABLE_OBJC_ARC = YES;
				CLANG_ENABLE_OBJC_WEAK = YES;
				CLANG_WARN_BLOCK_CAPTURE_AUTORELEASING = YES;
				CLANG_WARN_BOOL_CONVERSION = YES;
				CLANG_WARN_COMMA = YES;
				CLANG_WARN_CONSTANT_CONVERSION = YES;
				CLANG_WARN_DEPRECATED_OBJC_IMPLEMENTATIONS = YES;
				CLANG_WARN_DIRECT_OBJC_ISA_USAGE = YES_ERROR;
				CLANG_WARN_DOCUMENTATION_COMMENTS = YES;
				CLANG_WARN_EMPTY_BODY = YES;
				CLANG_WARN_ENUM_CONVERSION = YES;
				CLANG_WARN_INFINITE_RECURSION = YES;
				CLANG_WARN_INT_CONVERSION = YES;
				CLANG_WARN_NON_LITERAL_NULL_CONVERSION = YES;
				CLANG_WARN_OBJC_IMPLICIT_RETAIN_SELF = YES;
				CLANG_WARN_OBJC_LITERAL_CONVERSION = YES;
				CLANG_WARN_OBJC_ROOT_CLASS = YES_ERROR;
				CLANG_WARN_RANGE_LOOP_ANALYSIS = YES;
				CLANG_WARN_STRICT_PROTOTYPES = YES;
				CLANG_WARN_SUSPICIOUS_MOVE = YES;
				CLANG_WARN_UNGUARDED_AVAILABILITY = YES_AGGRESSIVE;
				CLANG_WARN_UNREACHABLE_CODE = YES;
				CLANG_WARN__DUPLICATE_METHOD_MATCH = YES;
				COPY_PHASE_STRIP = NO;
				DEBUG_INFORMATION_FORMAT = dwarf;
				ENABLE_STRICT_OBJC_MSGSEND = YES;
				ENABLE_TESTABILITY = YES;
				GCC_C_LANGUAGE_STANDARD = gnu11;
				GCC_DYNAMIC_NO_PIC = NO;
				GCC_NO_COMMON_BLOCKS = YES;
				GCC_OPTIMIZATION_LEVEL = 0;
				GCC_PREPROCESSOR_DEFINITIONS = (
					"DEBUG=1",
					"$(inherited)",
				);
				GCC_WARN_64_TO_32_BIT_CONVERSION = YES;
				GCC_WARN_ABOUT_RETURN_TYPE = YES_ERROR;
				GCC_WARN_UNDECLARED_SELECTOR = YES;
				GCC_WARN_UNINITIALIZED_AUTOS = YES_AGGRESSIVE;
				GCC_WARN_UNUSED_FUNCTION = YES;
				GCC_WARN_UNUSED_VARIABLE = YES;
				MACOSX_DEPLOYMENT_TARGET = 10.15;
				MTL_ENABLE_DEBUG_INFO = INCLUDE_SOURCE;
				MTL_FAST_MATH = YES;
				ONLY_ACTIVE_ARCH = YES;
				SDKROOT = macosx;
			};
			name = Debug;
		};
		55EFC947246930C9009F3596 /* Release */ = {
			isa = XCBuildConfiguration;
			buildSettings = {
				ALWAYS_SEARCH_USER_PATHS = NO;
				CLANG_ANALYZER_NONNULL = YES;
				CLANG_ANALYZER_NUMBER_OBJECT_CONVERSION = YES_AGGRESSIVE;
				CLANG_CXX_LANGUAGE_STANDARD = "gnu++14";
				CLANG_CXX_LIBRARY = "libc++";
				CLANG_ENABLE_MODULES = YES;
				CLANG_ENABLE_OBJC_ARC = YES;
				CLANG_ENABLE_OBJC_WEAK = YES;
				CLANG_WARN_BLOCK_CAPTURE_AUTORELEASING = YES;
				CLANG_WARN_BOOL_CONVERSION = YES;
				CLANG_WARN_COMMA = YES;
				CLANG_WARN_CONSTANT_CONVERSION = YES;
				CLANG_WARN_DEPRECATED_OBJC_IMPLEMENTATIONS = YES;
				CLANG_WARN_DIRECT_OBJC_ISA_USAGE = YES_ERROR;
				CLANG_WARN_DOCUMENTATION_COMMENTS = YES;
				CLANG_WARN_EMPTY_BODY = YES;
				CLANG_WARN_ENUM_CONVERSION = YES;
				CLANG_WARN_INFINITE_RECURSION = YES;
				CLANG_WARN_INT_CONVERSION = YES;
				CLANG_WARN_NON_LITERAL_NULL_CONVERSION = YES;
				CLANG_WARN_OBJC_IMPLICIT_RETAIN_SELF = YES;
				CLANG_WARN_OBJC_LITERAL_CONVERSION = YES;
				CLANG_WARN_OBJC_ROOT_CLASS = YES_ERROR;
				CLANG_WARN_RANGE_LOOP_ANALYSIS = YES;
				CLANG_WARN_STRICT_PROTOTYPES = YES;
				CLANG_WARN_SUSPICIOUS_MOVE = YES;
				CLANG_WARN_UNGUARDED_AVAILABILITY = YES_AGGRESSIVE;
				CLANG_WARN_UNREACHABLE_CODE = YES;
				CLANG_WARN__DUPLICATE_METHOD_MATCH = YES;
				COPY_PHASE_STRIP = NO;
				DEBUG_INFORMATION_FORMAT = "dwarf-with-dsym";
				ENABLE_NS_ASSERTIONS = NO;
				ENABLE_STRICT_OBJC_MSGSEND = YES;
				GCC_C_LANGUAGE_STANDARD = gnu11;
				GCC_NO_COMMON_BLOCKS = YES;
				GCC_WARN_64_TO_32_BIT_CONVERSION = YES;
				GCC_WARN_ABOUT_RETURN_TYPE = YES_ERROR;
				GCC_WARN_UNDECLARED_SELECTOR = YES;
				GCC_WARN_UNINITIALIZED_AUTOS = YES_AGGRESSIVE;
				GCC_WARN_UNUSED_FUNCTION = YES;
				GCC_WARN_UNUSED_VARIABLE = YES;
				MACOSX_DEPLOYMENT_TARGET = 10.15;
				MTL_ENABLE_DEBUG_INFO = NO;
				MTL_FAST_MATH = YES;
				SDKROOT = macosx;
			};
			name = Release;
		};
		55EFC949246930C9009F3596 /* Debug */ = {
			isa = XCBuildConfiguration;
			buildSettings = {
				CODE_SIGN_STYLE = Automatic;
				DEVELOPMENT_TEAM = PMD54H53GA;
				ENABLE_HARDENED_RUNTIME = YES;
				PRODUCT_NAME = "$(TARGET_NAME)";
			};
			name = Debug;
		};
		55EFC94A246930C9009F3596 /* Release */ = {
			isa = XCBuildConfiguration;
			buildSettings = {
				CODE_SIGN_STYLE = Automatic;
				DEVELOPMENT_TEAM = PMD54H53GA;
				ENABLE_HARDENED_RUNTIME = YES;
				PRODUCT_NAME = "$(TARGET_NAME)";
			};
			name = Release;
		};
/* End XCBuildConfiguration section */

/* Begin XCConfigurationList section */
		55EFC93C246930C9009F3596 /* Build configuration list for PBXProject "StudyAlgo" */ = {
			isa = XCConfigurationList;
			buildConfigurations = (
				55EFC946246930C9009F3596 /* Debug */,
				55EFC947246930C9009F3596 /* Release */,
			);
			defaultConfigurationIsVisible = 0;
			defaultConfigurationName = Release;
		};
		55EFC948246930C9009F3596 /* Build configuration list for PBXNativeTarget "StudyAlgo" */ = {
			isa = XCConfigurationList;
			buildConfigurations = (
				55EFC949246930C9009F3596 /* Debug */,
				55EFC94A246930C9009F3596 /* Release */,
			);
			defaultConfigurationIsVisible = 0;
			defaultConfigurationName = Release;
		};
/* End XCConfigurationList section */
	};
	rootObject = 55EFC939246930C9009F3596 /* Project object */;
}
